
Microsoft Visual Studio Solution File, Format Version 12.00
# Visual Studio 2013
VisualStudioVersion = 12.0.21005.1
MinimumVisualStudioVersion = 10.0.40219.1
Project("{FAE04EC0-301F-11D3-BF4B-00C04F79EFBC}") = "PingServers", "PingServers\PingServers.csproj", "{415E5320-E953-480C-86DE-5843FD384D9E}"
EndProject
Project("{FAE04EC0-301F-11D3-BF4B-00C04F79EFBC}") = "BindingListSerializator", "BindingListSerializator\BindingListSerializator.csproj", "{90DD4413-02D9-47C6-AD40-51BAF04086B3}"
EndProject
Project("{FAE04EC0-301F-11D3-BF4B-00C04F79EFBC}") = "PingServersManager", "PingServersManager\PingServersManager.csproj", "{5715BCC6-19A8-47CE-B88B-0D5D7714E245}"
EndProject
Global
	GlobalSection(SolutionConfigurationPlatforms) = preSolution
		Debug|Any CPU = Debug|Any CPU
		Release|Any CPU = Release|Any CPU
	EndGlobalSection
	GlobalSection(ProjectConfigurationPlatforms) = postSolution
		{415E5320-E953-480C-86DE-5843FD384D9E}.Debug|Any CPU.ActiveCfg = Debug|Any CPU
		{415E5320-E953-480C-86DE-5843FD384D9E}.Debug|Any CPU.Build.0 = Debug|Any CPU
		{415E5320-E953-480C-86DE-5843FD384D9E}.Release|Any CPU.ActiveCfg = Release|Any CPU
		{415E5320-E953-480C-86DE-5843FD384D9E}.Release|Any CPU.Build.0 = Release|Any CPU
		{90DD4413-02D9-47C6-AD40-51BAF04086B3}.Debug|Any CPU.ActiveCfg = Debug|Any CPU
		{90DD4413-02D9-47C6-AD40-51BAF04086B3}.Debug|Any CPU.Build.0 = Debug|Any CPU
		{90DD4413-02D9-47C6-AD40-51BAF04086B3}.Release|Any CPU.ActiveCfg = Release|Any CPU
		{90DD4413-02D9-47C6-AD40-51BAF04086B3}.Release|Any CPU.Build.0 = Release|Any CPU
		{5715BCC6-19A8-47CE-B88B-0D5D7714E245}.Debug|Any CPU.ActiveCfg = Debug|Any CPU
		{5715BCC6-19A8-47CE-B88B-0D5D7714E245}.Debug|Any CPU.Build.0 = Debug|Any CPU
		{5715BCC6-19A8-47CE-B88B-0D5D7714E245}.Release|Any CPU.ActiveCfg = Release|Any CPU
		{5715BCC6-19A8-47CE-B88B-0D5D7714E245}.Release|Any CPU.Build.0 = Release|Any CPU
	EndGlobalSection
	GlobalSection(SolutionProperties) = preSolution
		HideSolutionNode = FALSE
	EndGlobalSection
EndGlobal
